
Microsoft Visual Studio Solution File, Format Version 12.00
# Visual Studio Version 17
VisualStudioVersion = 17.13.35828.75
MinimumVisualStudioVersion = 10.0.40219.1
Project("{FAE04EC0-301F-11D3-BF4B-00C04F79EFBC}") = "rBR.Scraper.Service", "rBR.Scraper.Service\rBR.Scraper.Service.csproj", "{36D8862A-35AE-4C59-95CE-65F219A19BE7}"
EndProject
Project("{2150E333-8FDC-42A3-9474-1A3956D46DE8}") = "1. Service", "1. Service", "{02EA681E-C7D8-13C7-8484-4AC65E1B71E8}"
EndProject
Project("{2150E333-8FDC-42A3-9474-1A3956D46DE8}") = "2. Application", "2. Application", "{E5B06C2E-9B26-4CEF-87DD-23BDE330E88A}"
EndProject
Project("{2150E333-8FDC-42A3-9474-1A3956D46DE8}") = "3. Domain", "3. Domain", "{FCF44C1E-245F-4324-AAFD-A92182E6EE22}"
EndProject
Project("{2150E333-8FDC-42A3-9474-1A3956D46DE8}") = "4. Data", "4. Data", "{A2B592BB-F035-48A8-8CEB-E80B576DC311}"
EndProject
Project("{2150E333-8FDC-42A3-9474-1A3956D46DE8}") = "4.1. Internal", "4.1. Internal", "{08B06059-DA97-4D1D-9E1D-5594477EF32E}"
EndProject
Project("{2150E333-8FDC-42A3-9474-1A3956D46DE8}") = "4.2. External", "4.2. External", "{6C49AF56-229D-4D9B-B10D-57973B9352CF}"
EndProject
Project("{2150E333-8FDC-42A3-9474-1A3956D46DE8}") = "5. Infrastructure", "5. Infrastructure", "{5F0E4674-0924-4996-8FEA-624BE0DE2FB4}"
EndProject
Project("{FAE04EC0-301F-11D3-BF4B-00C04F79EFBC}") = "rBR.Scraper.Application", "rBR.Scraper.Application\rBR.Scraper.Application.csproj", "{5A979F71-622D-453E-A171-313F6AB00C07}"
EndProject
Project("{FAE04EC0-301F-11D3-BF4B-00C04F79EFBC}") = "rBR.Scraper.Domain", "rBR.Scraper.Domain\rBR.Scraper.Domain.csproj", "{81CB3A36-EB99-40E8-906B-BD48963F7273}"
EndProject
Project("{FAE04EC0-301F-11D3-BF4B-00C04F79EFBC}") = "rBR.Scraper.Data.Internal", "rBR.Scraper.Data.Internal\rBR.Scraper.Data.Internal.csproj", "{CBEE2312-C73F-4014-93A5-F5F9587A74F2}"
EndProject
Project("{FAE04EC0-301F-11D3-BF4B-00C04F79EFBC}") = "rBR.Scraper.Data.External", "rBR.Scraper.Data.External\rBR.Scraper.Data.External.csproj", "{D06D7F57-C60E-4C4C-8214-C81ED3C0197F}"
EndProject
Project("{FAE04EC0-301F-11D3-BF4B-00C04F79EFBC}") = "rBR.Scraper.Infrastructure", "rBR.Scraper.Infrastructure\rBR.Scraper.Infrastructure.csproj", "{63BA3374-63FD-4785-90E2-41E7279B99E1}"
EndProject
Global
	GlobalSection(SolutionConfigurationPlatforms) = preSolution
		Debug|Any CPU = Debug|Any CPU
		Release|Any CPU = Release|Any CPU
	EndGlobalSection
	GlobalSection(ProjectConfigurationPlatforms) = postSolution
		{36D8862A-35AE-4C59-95CE-65F219A19BE7}.Debug|Any CPU.ActiveCfg = Debug|Any CPU
		{36D8862A-35AE-4C59-95CE-65F219A19BE7}.Debug|Any CPU.Build.0 = Debug|Any CPU
		{36D8862A-35AE-4C59-95CE-65F219A19BE7}.Release|Any CPU.ActiveCfg = Release|Any CPU
		{36D8862A-35AE-4C59-95CE-65F219A19BE7}.Release|Any CPU.Build.0 = Release|Any CPU
		{5A979F71-622D-453E-A171-313F6AB00C07}.Debug|Any CPU.ActiveCfg = Debug|Any CPU
		{5A979F71-622D-453E-A171-313F6AB00C07}.Debug|Any CPU.Build.0 = Debug|Any CPU
		{5A979F71-622D-453E-A171-313F6AB00C07}.Release|Any CPU.ActiveCfg = Release|Any CPU
		{5A979F71-622D-453E-A171-313F6AB00C07}.Release|Any CPU.Build.0 = Release|Any CPU
		{81CB3A36-EB99-40E8-906B-BD48963F7273}.Debug|Any CPU.ActiveCfg = Debug|Any CPU
		{81CB3A36-EB99-40E8-906B-BD48963F7273}.Debug|Any CPU.Build.0 = Debug|Any CPU
		{81CB3A36-EB99-40E8-906B-BD48963F7273}.Release|Any CPU.ActiveCfg = Release|Any CPU
		{81CB3A36-EB99-40E8-906B-BD48963F7273}.Release|Any CPU.Build.0 = Release|Any CPU
		{CBEE2312-C73F-4014-93A5-F5F9587A74F2}.Debug|Any CPU.ActiveCfg = Debug|Any CPU
		{CBEE2312-C73F-4014-93A5-F5F9587A74F2}.Debug|Any CPU.Build.0 = Debug|Any CPU
		{CBEE2312-C73F-4014-93A5-F5F9587A74F2}.Release|Any CPU.ActiveCfg = Release|Any CPU
		{CBEE2312-C73F-4014-93A5-F5F9587A74F2}.Release|Any CPU.Build.0 = Release|Any CPU
		{D06D7F57-C60E-4C4C-8214-C81ED3C0197F}.Debug|Any CPU.ActiveCfg = Debug|Any CPU
		{D06D7F57-C60E-4C4C-8214-C81ED3C0197F}.Debug|Any CPU.Build.0 = Debug|Any CPU
		{D06D7F57-C60E-4C4C-8214-C81ED3C0197F}.Release|Any CPU.ActiveCfg = Release|Any CPU
		{D06D7F57-C60E-4C4C-8214-C81ED3C0197F}.Release|Any CPU.Build.0 = Release|Any CPU
		{63BA3374-63FD-4785-90E2-41E7279B99E1}.Debug|Any CPU.ActiveCfg = Debug|Any CPU
		{63BA3374-63FD-4785-90E2-41E7279B99E1}.Debug|Any CPU.Build.0 = Debug|Any CPU
		{63BA3374-63FD-4785-90E2-41E7279B99E1}.Release|Any CPU.ActiveCfg = Release|Any CPU
		{63BA3374-63FD-4785-90E2-41E7279B99E1}.Release|Any CPU.Build.0 = Release|Any CPU
	EndGlobalSection
	GlobalSection(SolutionProperties) = preSolution
		HideSolutionNode = FALSE
	EndGlobalSection
	GlobalSection(NestedProjects) = preSolution
		{36D8862A-35AE-4C59-95CE-65F219A19BE7} = {02EA681E-C7D8-13C7-8484-4AC65E1B71E8}
		{08B06059-DA97-4D1D-9E1D-5594477EF32E} = {A2B592BB-F035-48A8-8CEB-E80B576DC311}
		{6C49AF56-229D-4D9B-B10D-57973B9352CF} = {A2B592BB-F035-48A8-8CEB-E80B576DC311}
		{5A979F71-622D-453E-A171-313F6AB00C07} = {E5B06C2E-9B26-4CEF-87DD-23BDE330E88A}
		{81CB3A36-EB99-40E8-906B-BD48963F7273} = {FCF44C1E-245F-4324-AAFD-A92182E6EE22}
		{CBEE2312-C73F-4014-93A5-F5F9587A74F2} = {08B06059-DA97-4D1D-9E1D-5594477EF32E}
		{D06D7F57-C60E-4C4C-8214-C81ED3C0197F} = {6C49AF56-229D-4D9B-B10D-57973B9352CF}
		{63BA3374-63FD-4785-90E2-41E7279B99E1} = {5F0E4674-0924-4996-8FEA-624BE0DE2FB4}
	EndGlobalSection
	GlobalSection(ExtensibilityGlobals) = postSolution
		SolutionGuid = {D6B6715E-F1C5-4215-A570-DB6698A1DBF7}
	EndGlobalSection
EndGlobal
